// !$*UTF8*$!
{
	archiveVersion = 1;
	classes = {
	};
	objectVersion = 50;
	objects = {

/* Begin PBXBuildFile section */
		BD01035023D4338A00BC4626 /* main.cpp in Sources */ = {isa = PBXBuildFile; fileRef = BD01034F23D4338A00BC4626 /* main.cpp */; };
/* End PBXBuildFile section */

/* Begin PBXCopyFilesBuildPhase section */
		BD01034A23D4338A00BC4626 /* CopyFiles */ = {
			isa = PBXCopyFilesBuildPhase;
			buildActionMask = 2147483647;
			dstPath = /usr/share/man/man1/;
			dstSubfolderSpec = 0;
			files = (
			);
			runOnlyForDeploymentPostprocessing = 1;
		};
/* End PBXCopyFilesBuildPhase section */

/* Begin PBXFileReference section */
		BD01034C23D4338A00BC4626 /* C, C++ Practice */ = {isa = PBXFileReference; explicitFileType = "compiled.mach-o.executable"; includeInIndex = 0; path = "C, C++ Practice"; sourceTree = BUILT_PRODUCTS_DIR; };
		BD01034F23D4338A00BC4626 /* main.cpp */ = {isa = PBXFileReference; lastKnownFileType = sourcecode.cpp.cpp; path = main.cpp; sourceTree = "<group>"; };
		BD01035623D433CA00BC4626 /* 12. Sequential Search, Binary Search */ = {isa = PBXFileReference; lastKnownFileType = folder; path = "12. Sequential Search, Binary Search"; sourceTree = "<group>"; };
		BD01035723D433CA00BC4626 /* 2. Dynamic Memory Allocation */ = {isa = PBXFileReference; lastKnownFileType = folder; path = "2. Dynamic Memory Allocation"; sourceTree = "<group>"; };
		BD01035823D433CA00BC4626 /* 1. Character */ = {isa = PBXFileReference; lastKnownFileType = folder; path = "1. Character"; sourceTree = "<group>"; };
		BD01035923D433CA00BC4626 /* 10. Binary Tree */ = {isa = PBXFileReference; lastKnownFileType = folder; path = "10. Binary Tree"; sourceTree = "<group>"; };
		BD01035A23D433CA00BC4626 /* 6. Stack */ = {isa = PBXFileReference; lastKnownFileType = folder; path = "6. Stack"; sourceTree = "<group>"; };
		BD01035B23D433CA00BC4626 /* 7. Calculator using Stack */ = {isa = PBXFileReference; lastKnownFileType = folder; path = "7. Calculator using Stack"; sourceTree = "<group>"; };
		BD01035C23D433CA00BC4626 /* 14. Depth First Search */ = {isa = PBXFileReference; lastKnownFileType = folder; path = "14. Depth First Search"; sourceTree = "<group>"; };
		BD01035D23D433CA00BC4626 /* 9. Sort */ = {isa = PBXFileReference; lastKnownFileType = folder; path = "9. Sort"; sourceTree = "<group>"; };
		BD01035E23D433CA00BC4626 /* 5. Doubly Linked List */ = {isa = PBXFileReference; lastKnownFileType = folder; path = "5. Doubly Linked List"; sourceTree = "<group>"; };
		BD01035F23D433CA00BC4626 /* 3. Pointer */ = {isa = PBXFileReference; lastKnownFileType = folder; path = "3. Pointer"; sourceTree = "<group>"; };
		BD01036023D433CB00BC4626 /* 4. List */ = {isa = PBXFileReference; lastKnownFileType = folder; path = "4. List"; sourceTree = "<group>"; };
		BD01036123D433CB00BC4626 /* 13. Graph */ = {isa = PBXFileReference; lastKnownFileType = folder; path = "13. Graph"; sourceTree = "<group>"; };
		BD01036223D433CB00BC4626 /* 11. Priority Queue */ = {isa = PBXFileReference; lastKnownFileType = folder; path = "11. Priority Queue"; sourceTree = "<group>"; };
		BD01036323D433CB00BC4626 /* 8. Queue */ = {isa = PBXFileReference; lastKnownFileType = folder; path = "8. Queue"; sourceTree = "<group>"; };
/* End PBXFileReference section */

/* Begin PBXFrameworksBuildPhase section */
		BD01034923D4338A00BC4626 /* Frameworks */ = {
			isa = PBXFrameworksBuildPhase;
			buildActionMask = 2147483647;
			files = (
			);
			runOnlyForDeploymentPostprocessing = 0;
		};
/* End PBXFrameworksBuildPhase section */

/* Begin PBXGroup section */
		BD01034323D4338A00BC4626 = {
			isa = PBXGroup;
			children = (
				BD01034E23D4338A00BC4626 /* C, C++ Practice */,
				BD01034D23D4338A00BC4626 /* Products */,
			);
			sourceTree = "<group>";
		};
		BD01034D23D4338A00BC4626 /* Products */ = {
			isa = PBXGroup;
			children = (
				BD01034C23D4338A00BC4626 /* C, C++ Practice */,
			);
			name = Products;
			sourceTree = "<group>";
		};
		BD01034E23D4338A00BC4626 /* C, C++ Practice */ = {
			isa = PBXGroup;
			children = (
				BD01035823D433CA00BC4626 /* 1. Character */,
				BD01035723D433CA00BC4626 /* 2. Dynamic Memory Allocation */,
				BD01035F23D433CA00BC4626 /* 3. Pointer */,
				BD01036023D433CB00BC4626 /* 4. List */,
				BD01035E23D433CA00BC4626 /* 5. Doubly Linked List */,
				BD01035A23D433CA00BC4626 /* 6. Stack */,
				BD01035B23D433CA00BC4626 /* 7. Calculator using Stack */,
				BD01036323D433CB00BC4626 /* 8. Queue */,
				BD01035D23D433CA00BC4626 /* 9. Sort */,
				BD01035923D433CA00BC4626 /* 10. Binary Tree */,
				BD01036223D433CB00BC4626 /* 11. Priority Queue */,
				BD01035623D433CA00BC4626 /* 12. Sequential Search, Binary Search */,
				BD01036123D433CB00BC4626 /* 13. Graph */,
				BD01035C23D433CA00BC4626 /* 14. Depth First Search */,
				BD01034F23D4338A00BC4626 /* main.cpp */,
			);
			path = "C, C++ Practice";
			sourceTree = "<group>";
		};
/* End PBXGroup section */

/* Begin PBXNativeTarget section */
		BD01034B23D4338A00BC4626 /* C, C++ Practice */ = {
			isa = PBXNativeTarget;
			buildConfigurationList = BD01035323D4338A00BC4626 /* Build configuration list for PBXNativeTarget "C, C++ Practice" */;
			buildPhases = (
				BD01034823D4338A00BC4626 /* Sources */,
				BD01034923D4338A00BC4626 /* Frameworks */,
				BD01034A23D4338A00BC4626 /* CopyFiles */,
			);
			buildRules = (
			);
			dependencies = (
			);
			name = "C, C++ Practice";
			productName = "C, C++ Practice";
			productReference = BD01034C23D4338A00BC4626 /* C, C++ Practice */;
			productType = "com.apple.product-type.tool";
		};
/* End PBXNativeTarget section */

/* Begin PBXProject section */
		BD01034423D4338A00BC4626 /* Project object */ = {
			isa = PBXProject;
			attributes = {
				LastUpgradeCheck = 1130;
				ORGANIZATIONNAME = "차준형";
				TargetAttributes = {
					BD01034B23D4338A00BC4626 = {
						CreatedOnToolsVersion = 11.3.1;
					};
				};
			};
			buildConfigurationList = BD01034723D4338A00BC4626 /* Build configuration list for PBXProject "C, C++ Practice" */;
			compatibilityVersion = "Xcode 9.3";
			developmentRegion = en;
			hasScannedForEncodings = 0;
			knownRegions = (
				en,
				Base,
			);
			mainGroup = BD01034323D4338A00BC4626;
			productRefGroup = BD01034D23D4338A00BC4626 /* Products */;
			projectDirPath = "";
			projectRoot = "";
			targets = (
				BD01034B23D4338A00BC4626 /* C, C++ Practice */,
			);
		};
/* End PBXProject section */

/* Begin PBXSourcesBuildPhase section */
		BD01034823D4338A00BC4626 /* Sources */ = {
			isa = PBXSourcesBuildPhase;
			buildActionMask = 2147483647;
			files = (
				BD01035023D4338A00BC4626 /* main.cpp in Sources */,
			);
			runOnlyForDeploymentPostprocessing = 0;
		};
/* End PBXSourcesBuildPhase section */

/* Begin XCBuildConfiguration section */
		BD01035123D4338A00BC4626 /* Debug */ = {
			isa = XCBuildConfiguration;
			buildSettings = {
				ALWAYS_SEARCH_USER_PATHS = NO;
				CLANG_ANALYZER_NONNULL = YES;
				CLANG_ANALYZER_NUMBER_OBJECT_CONVERSION = YES_AGGRESSIVE;
				CLANG_CXX_LANGUAGE_STANDARD = "gnu++14";
				CLANG_CXX_LIBRARY = "libc++";
				CLANG_ENABLE_MODULES = YES;
				CLANG_ENABLE_OBJC_ARC = YES;
				CLANG_ENABLE_OBJC_WEAK = YES;
				CLANG_WARN_BLOCK_CAPTURE_AUTORELEASING = YES;
				CLANG_WARN_BOOL_CONVERSION = YES;
				CLANG_WARN_COMMA = YES;
				CLANG_WARN_CONSTANT_CONVERSION = YES;
				CLANG_WARN_DEPRECATED_OBJC_IMPLEMENTATIONS = YES;
				CLANG_WARN_DIRECT_OBJC_ISA_USAGE = YES_ERROR;
				CLANG_WARN_DOCUMENTATION_COMMENTS = YES;
				CLANG_WARN_EMPTY_BODY = YES;
				CLANG_WARN_ENUM_CONVERSION = YES;
				CLANG_WARN_INFINITE_RECURSION = YES;
				CLANG_WARN_INT_CONVERSION = YES;
				CLANG_WARN_NON_LITERAL_NULL_CONVERSION = YES;
				CLANG_WARN_OBJC_IMPLICIT_RETAIN_SELF = YES;
				CLANG_WARN_OBJC_LITERAL_CONVERSION = YES;
				CLANG_WARN_OBJC_ROOT_CLASS = YES_ERROR;
				CLANG_WARN_RANGE_LOOP_ANALYSIS = YES;
				CLANG_WARN_STRICT_PROTOTYPES = YES;
				CLANG_WARN_SUSPICIOUS_MOVE = YES;
				CLANG_WARN_UNGUARDED_AVAILABILITY = YES_AGGRESSIVE;
				CLANG_WARN_UNREACHABLE_CODE = YES;
				CLANG_WARN__DUPLICATE_METHOD_MATCH = YES;
				COPY_PHASE_STRIP = NO;
				DEBUG_INFORMATION_FORMAT = dwarf;
				ENABLE_STRICT_OBJC_MSGSEND = YES;
				ENABLE_TESTABILITY = YES;
				GCC_C_LANGUAGE_STANDARD = gnu11;
				GCC_DYNAMIC_NO_PIC = NO;
				GCC_NO_COMMON_BLOCKS = YES;
				GCC_OPTIMIZATION_LEVEL = 0;
				GCC_PREPROCESSOR_DEFINITIONS = (
					"DEBUG=1",
					"$(inherited)",
				);
				GCC_WARN_64_TO_32_BIT_CONVERSION = YES;
				GCC_WARN_ABOUT_RETURN_TYPE = YES_ERROR;
				GCC_WARN_UNDECLARED_SELECTOR = YES;
				GCC_WARN_UNINITIALIZED_AUTOS = YES_AGGRESSIVE;
				GCC_WARN_UNUSED_FUNCTION = YES;
				GCC_WARN_UNUSED_VARIABLE = YES;
				MACOSX_DEPLOYMENT_TARGET = 10.15;
				MTL_ENABLE_DEBUG_INFO = INCLUDE_SOURCE;
				MTL_FAST_MATH = YES;
				ONLY_ACTIVE_ARCH = YES;
				SDKROOT = macosx;
			};
			name = Debug;
		};
		BD01035223D4338A00BC4626 /* Release */ = {
			isa = XCBuildConfiguration;
			buildSettings = {
				ALWAYS_SEARCH_USER_PATHS = NO;
				CLANG_ANALYZER_NONNULL = YES;
				CLANG_ANALYZER_NUMBER_OBJECT_CONVERSION = YES_AGGRESSIVE;
				CLANG_CXX_LANGUAGE_STANDARD = "gnu++14";
				CLANG_CXX_LIBRARY = "libc++";
				CLANG_ENABLE_MODULES = YES;
				CLANG_ENABLE_OBJC_ARC = YES;
				CLANG_ENABLE_OBJC_WEAK = YES;
				CLANG_WARN_BLOCK_CAPTURE_AUTORELEASING = YES;
				CLANG_WARN_BOOL_CONVERSION = YES;
				CLANG_WARN_COMMA = YES;
				CLANG_WARN_CONSTANT_CONVERSION = YES;
				CLANG_WARN_DEPRECATED_OBJC_IMPLEMENTATIONS = YES;
				CLANG_WARN_DIRECT_OBJC_ISA_USAGE = YES_ERROR;
				CLANG_WARN_DOCUMENTATION_COMMENTS = YES;
				CLANG_WARN_EMPTY_BODY = YES;
				CLANG_WARN_ENUM_CONVERSION = YES;
				CLANG_WARN_INFINITE_RECURSION = YES;
				CLANG_WARN_INT_CONVERSION = YES;
				CLANG_WARN_NON_LITERAL_NULL_CONVERSION = YES;
				CLANG_WARN_OBJC_IMPLICIT_RETAIN_SELF = YES;
				CLANG_WARN_OBJC_LITERAL_CONVERSION = YES;
				CLANG_WARN_OBJC_ROOT_CLASS = YES_ERROR;
				CLANG_WARN_RANGE_LOOP_ANALYSIS = YES;
				CLANG_WARN_STRICT_PROTOTYPES = YES;
				CLANG_WARN_SUSPICIOUS_MOVE = YES;
				CLANG_WARN_UNGUARDED_AVAILABILITY = YES_AGGRESSIVE;
				CLANG_WARN_UNREACHABLE_CODE = YES;
				CLANG_WARN__DUPLICATE_METHOD_MATCH = YES;
				COPY_PHASE_STRIP = NO;
				DEBUG_INFORMATION_FORMAT = "dwarf-with-dsym";
				ENABLE_NS_ASSERTIONS = NO;
				ENABLE_STRICT_OBJC_MSGSEND = YES;
				GCC_C_LANGUAGE_STANDARD = gnu11;
				GCC_NO_COMMON_BLOCKS = YES;
				GCC_WARN_64_TO_32_BIT_CONVERSION = YES;
				GCC_WARN_ABOUT_RETURN_TYPE = YES_ERROR;
				GCC_WARN_UNDECLARED_SELECTOR = YES;
				GCC_WARN_UNINITIALIZED_AUTOS = YES_AGGRESSIVE;
				GCC_WARN_UNUSED_FUNCTION = YES;
				GCC_WARN_UNUSED_VARIABLE = YES;
				MACOSX_DEPLOYMENT_TARGET = 10.15;
				MTL_ENABLE_DEBUG_INFO = NO;
				MTL_FAST_MATH = YES;
				SDKROOT = macosx;
			};
			name = Release;
		};
		BD01035423D4338A00BC4626 /* Debug */ = {
			isa = XCBuildConfiguration;
			buildSettings = {
				CODE_SIGN_STYLE = Automatic;
				DEVELOPMENT_TEAM = M5W89FCB4J;
				ENABLE_HARDENED_RUNTIME = YES;
				PRODUCT_NAME = "$(TARGET_NAME)";
			};
			name = Debug;
		};
		BD01035523D4338A00BC4626 /* Release */ = {
			isa = XCBuildConfiguration;
			buildSettings = {
				CODE_SIGN_STYLE = Automatic;
				DEVELOPMENT_TEAM = M5W89FCB4J;
				ENABLE_HARDENED_RUNTIME = YES;
				PRODUCT_NAME = "$(TARGET_NAME)";
			};
			name = Release;
		};
/* End XCBuildConfiguration section */

/* Begin XCConfigurationList section */
		BD01034723D4338A00BC4626 /* Build configuration list for PBXProject "C, C++ Practice" */ = {
			isa = XCConfigurationList;
			buildConfigurations = (
				BD01035123D4338A00BC4626 /* Debug */,
				BD01035223D4338A00BC4626 /* Release */,
			);
			defaultConfigurationIsVisible = 0;
			defaultConfigurationName = Release;
		};
		BD01035323D4338A00BC4626 /* Build configuration list for PBXNativeTarget "C, C++ Practice" */ = {
			isa = XCConfigurationList;
			buildConfigurations = (
				BD01035423D4338A00BC4626 /* Debug */,
				BD01035523D4338A00BC4626 /* Release */,
			);
			defaultConfigurationIsVisible = 0;
			defaultConfigurationName = Release;
		};
/* End XCConfigurationList section */
	};
	rootObject = BD01034423D4338A00BC4626 /* Project object */;
}
